
Microsoft Visual Studio Solution File, Format Version 12.00
# Visual Studio Version 17
VisualStudioVersion = 17.1.32228.430
MinimumVisualStudioVersion = 10.0.40219.1
Project("{FAE04EC0-301F-11D3-BF4B-00C04F79EFBC}") = "FactoryPatternEx2", "FactoryPatternEx2\FactoryPatternEx2.csproj", "{6D0C7EDB-934E-40E1-BB74-22CF3C536C88}"
EndProject
Global
	GlobalSection(SolutionConfigurationPlatforms) = preSolution
		Debug|Any CPU = Debug|Any CPU
		Release|Any CPU = Release|Any CPU
	EndGlobalSection
	GlobalSection(ProjectConfigurationPlatforms) = postSolution
		{6D0C7EDB-934E-40E1-BB74-22CF3C536C88}.Debug|Any CPU.ActiveCfg = Debug|Any CPU
		{6D0C7EDB-934E-40E1-BB74-22CF3C536C88}.Debug|Any CPU.Build.0 = Debug|Any CPU
		{6D0C7EDB-934E-40E1-BB74-22CF3C536C88}.Release|Any CPU.ActiveCfg = Release|Any CPU
		{6D0C7EDB-934E-40E1-BB74-22CF3C536C88}.Release|Any CPU.Build.0 = Release|Any CPU
	EndGlobalSection
	GlobalSection(SolutionProperties) = preSolution
		HideSolutionNode = FALSE
	EndGlobalSection
	GlobalSection(ExtensibilityGlobals) = postSolution
		SolutionGuid = {5B5AA26E-9757-4251-AC99-F30F5148B6FB}
	EndGlobalSection
EndGlobal
